
Microsoft Visual Studio Solution File, Format Version 12.00
# Visual Studio 15
VisualStudioVersion = 15.0.27004.2002
MinimumVisualStudioVersion = 10.0.40219.1
Project("{9A19103F-16F7-4668-BE54-9A1E7A4F7556}") = "SchoolLibrary", "SchoolLibrary\SchoolLibrary.csproj", "{45BEFAF2-7786-4C3E-BE88-F1069F315D4F}"
EndProject
Project("{FAE04EC0-301F-11D3-BF4B-00C04F79EFBC}") = "SchoolFormsApp", "SchoolFormsApp\SchoolFormsApp.csproj", "{E1E5EC32-3949-4125-B992-635216224E6C}"
EndProject
Global
	GlobalSection(SolutionConfigurationPlatforms) = preSolution
		Debug|Any CPU = Debug|Any CPU
		Release|Any CPU = Release|Any CPU
	EndGlobalSection
	GlobalSection(ProjectConfigurationPlatforms) = postSolution
		{45BEFAF2-7786-4C3E-BE88-F1069F315D4F}.Debug|Any CPU.ActiveCfg = Debug|Any CPU
		{45BEFAF2-7786-4C3E-BE88-F1069F315D4F}.Debug|Any CPU.Build.0 = Debug|Any CPU
		{45BEFAF2-7786-4C3E-BE88-F1069F315D4F}.Release|Any CPU.ActiveCfg = Release|Any CPU
		{45BEFAF2-7786-4C3E-BE88-F1069F315D4F}.Release|Any CPU.Build.0 = Release|Any CPU
		{E1E5EC32-3949-4125-B992-635216224E6C}.Debug|Any CPU.ActiveCfg = Debug|Any CPU
		{E1E5EC32-3949-4125-B992-635216224E6C}.Debug|Any CPU.Build.0 = Debug|Any CPU
		{E1E5EC32-3949-4125-B992-635216224E6C}.Release|Any CPU.ActiveCfg = Release|Any CPU
		{E1E5EC32-3949-4125-B992-635216224E6C}.Release|Any CPU.Build.0 = Release|Any CPU
	EndGlobalSection
	GlobalSection(SolutionProperties) = preSolution
		HideSolutionNode = FALSE
	EndGlobalSection
	GlobalSection(ExtensibilityGlobals) = postSolution
		SolutionGuid = {20B20416-D5DE-42D7-B3BC-C56E961BFF9D}
	EndGlobalSection
EndGlobal
